// !$*UTF8*$!
{
	archiveVersion = 1;
	classes = {
	};
	objectVersion = 46;
	objects = {

/* Begin PBXBuildFile section */
		3F3B8CD23C7FD4F751507527 /* Pods_TestAppTests.framework in Frameworks */ = {isa = PBXBuildFile; fileRef = D56F4FFA4D8BBAD78C5C00BA /* Pods_TestAppTests.framework */; };
		574E89E4771171085FD9B30F /* Pods_TestApp.framework in Frameworks */ = {isa = PBXBuildFile; fileRef = 471C2C29491B73DB8A6EF7A8 /* Pods_TestApp.framework */; };
		670E1ADA1E7FB854001954C5 /* AppDelegate.swift in Sources */ = {isa = PBXBuildFile; fileRef = 670E1AD91E7FB854001954C5 /* AppDelegate.swift */; };
		670E1ADC1E7FB854001954C5 /* ViewController.swift in Sources */ = {isa = PBXBuildFile; fileRef = 670E1ADB1E7FB854001954C5 /* ViewController.swift */; };
		670E1ADF1E7FB855001954C5 /* Main.storyboard in Resources */ = {isa = PBXBuildFile; fileRef = 670E1ADD1E7FB854001954C5 /* Main.storyboard */; };
		670E1AE11E7FB855001954C5 /* Assets.xcassets in Resources */ = {isa = PBXBuildFile; fileRef = 670E1AE01E7FB855001954C5 /* Assets.xcassets */; };
		670E1AE41E7FB855001954C5 /* LaunchScreen.storyboard in Resources */ = {isa = PBXBuildFile; fileRef = 670E1AE21E7FB855001954C5 /* LaunchScreen.storyboard */; };
		670E1AEF1E7FB855001954C5 /* TestAppTests.swift in Sources */ = {isa = PBXBuildFile; fileRef = 670E1AEE1E7FB855001954C5 /* TestAppTests.swift */; };
		670E1AFA1E7FB855001954C5 /* TestAppUITests.swift in Sources */ = {isa = PBXBuildFile; fileRef = 670E1AF91E7FB855001954C5 /* TestAppUITests.swift */; };
		670E1B421E7FC0A9001954C5 /* SkyFloatingLabelTextField in Frameworks */ = {isa = PBXBuildFile; fileRef = 670E1B411E7FC0A9001954C5 /* SkyFloatingLabelTextField */; };
		FAF5701D46D64CC094B9660A /* Pods_TestAppUITests.framework in Frameworks */ = {isa = PBXBuildFile; fileRef = 03D9BD40C6AD504B13065718 /* Pods_TestAppUITests.framework */; };
/* End PBXBuildFile section */

/* Begin PBXContainerItemProxy section */
		670E1AEB1E7FB855001954C5 /* PBXContainerItemProxy */ = {
			isa = PBXContainerItemProxy;
			containerPortal = 670E1ACE1E7FB854001954C5 /* Project object */;
			proxyType = 1;
			remoteGlobalIDString = 670E1AD51E7FB854001954C5;
			remoteInfo = TestApp;
		};
		670E1AF61E7FB855001954C5 /* PBXContainerItemProxy */ = {
			isa = PBXContainerItemProxy;
			containerPortal = 670E1ACE1E7FB854001954C5 /* Project object */;
			proxyType = 1;
			remoteGlobalIDString = 670E1AD51E7FB854001954C5;
			remoteInfo = TestApp;
		};
/* End PBXContainerItemProxy section */

/* Begin PBXFileReference section */
		03D9BD40C6AD504B13065718 /* Pods_TestAppUITests.framework */ = {isa = PBXFileReference; explicitFileType = wrapper.framework; includeInIndex = 0; path = Pods_TestAppUITests.framework; sourceTree = BUILT_PRODUCTS_DIR; };
		254705BF88D91E574A0BEE70 /* Pods-TestApp.release.xcconfig */ = {isa = PBXFileReference; includeInIndex = 1; lastKnownFileType = text.xcconfig; name = "Pods-TestApp.release.xcconfig"; path = "Pods/Target Support Files/Pods-TestApp/Pods-TestApp.release.xcconfig"; sourceTree = "<group>"; };
		471C2C29491B73DB8A6EF7A8 /* Pods_TestApp.framework */ = {isa = PBXFileReference; explicitFileType = wrapper.framework; includeInIndex = 0; path = Pods_TestApp.framework; sourceTree = BUILT_PRODUCTS_DIR; };
		54BCAC208BA007B58E614EA1 /* Pods-TestApp.debug.xcconfig */ = {isa = PBXFileReference; includeInIndex = 1; lastKnownFileType = text.xcconfig; name = "Pods-TestApp.debug.xcconfig"; path = "Pods/Target Support Files/Pods-TestApp/Pods-TestApp.debug.xcconfig"; sourceTree = "<group>"; };
		670E1AD61E7FB854001954C5 /* TestApp.app */ = {isa = PBXFileReference; explicitFileType = wrapper.application; includeInIndex = 0; path = TestApp.app; sourceTree = BUILT_PRODUCTS_DIR; };
		670E1AD91E7FB854001954C5 /* AppDelegate.swift */ = {isa = PBXFileReference; lastKnownFileType = sourcecode.swift; path = AppDelegate.swift; sourceTree = "<group>"; };
		670E1ADB1E7FB854001954C5 /* ViewController.swift */ = {isa = PBXFileReference; lastKnownFileType = sourcecode.swift; path = ViewController.swift; sourceTree = "<group>"; };
		670E1ADE1E7FB854001954C5 /* Base */ = {isa = PBXFileReference; lastKnownFileType = file.storyboard; name = Base; path = Base.lproj/Main.storyboard; sourceTree = "<group>"; };
		670E1AE01E7FB855001954C5 /* Assets.xcassets */ = {isa = PBXFileReference; lastKnownFileType = folder.assetcatalog; path = Assets.xcassets; sourceTree = "<group>"; };
		670E1AE31E7FB855001954C5 /* Base */ = {isa = PBXFileReference; lastKnownFileType = file.storyboard; name = Base; path = Base.lproj/LaunchScreen.storyboard; sourceTree = "<group>"; };
		670E1AE51E7FB855001954C5 /* Info.plist */ = {isa = PBXFileReference; lastKnownFileType = text.plist.xml; path = Info.plist; sourceTree = "<group>"; };
		670E1AEA1E7FB855001954C5 /* TestAppTests.xctest */ = {isa = PBXFileReference; explicitFileType = wrapper.cfbundle; includeInIndex = 0; path = TestAppTests.xctest; sourceTree = BUILT_PRODUCTS_DIR; };
		670E1AEE1E7FB855001954C5 /* TestAppTests.swift */ = {isa = PBXFileReference; lastKnownFileType = sourcecode.swift; path = TestAppTests.swift; sourceTree = "<group>"; };
		670E1AF01E7FB855001954C5 /* Info.plist */ = {isa = PBXFileReference; lastKnownFileType = text.plist.xml; path = Info.plist; sourceTree = "<group>"; };
		670E1AF51E7FB855001954C5 /* TestAppUITests.xctest */ = {isa = PBXFileReference; explicitFileType = wrapper.cfbundle; includeInIndex = 0; path = TestAppUITests.xctest; sourceTree = BUILT_PRODUCTS_DIR; };
		670E1AF91E7FB855001954C5 /* TestAppUITests.swift */ = {isa = PBXFileReference; lastKnownFileType = sourcecode.swift; path = TestAppUITests.swift; sourceTree = "<group>"; };
		670E1AFB1E7FB855001954C5 /* Info.plist */ = {isa = PBXFileReference; lastKnownFileType = text.plist.xml; path = Info.plist; sourceTree = "<group>"; };
		670E1B411E7FC0A9001954C5 /* SkyFloatingLabelTextField */ = {isa = PBXFileReference; lastKnownFileType = folder; name = SkyFloatingLabelTextField; path = Pods/SkyFloatingLabelTextField; sourceTree = "<group>"; };
		801D08F0D0011C6746319821 /* Pods-TestAppTests.debug.xcconfig */ = {isa = PBXFileReference; includeInIndex = 1; lastKnownFileType = text.xcconfig; name = "Pods-TestAppTests.debug.xcconfig"; path = "Pods/Target Support Files/Pods-TestAppTests/Pods-TestAppTests.debug.xcconfig"; sourceTree = "<group>"; };
		BCC24EE3C9042B26219BBC06 /* Pods-TestAppUITests.debug.xcconfig */ = {isa = PBXFileReference; includeInIndex = 1; lastKnownFileType = text.xcconfig; name = "Pods-TestAppUITests.debug.xcconfig"; path = "Pods/Target Support Files/Pods-TestAppUITests/Pods-TestAppUITests.debug.xcconfig"; sourceTree = "<group>"; };
		D56F4FFA4D8BBAD78C5C00BA /* Pods_TestAppTests.framework */ = {isa = PBXFileReference; explicitFileType = wrapper.framework; includeInIndex = 0; path = Pods_TestAppTests.framework; sourceTree = BUILT_PRODUCTS_DIR; };
		EC6B3AEB36F6D6A8EFBCBFFD /* Pods-TestAppUITests.release.xcconfig */ = {isa = PBXFileReference; includeInIndex = 1; lastKnownFileType = text.xcconfig; name = "Pods-TestAppUITests.release.xcconfig"; path = "Pods/Target Support Files/Pods-TestAppUITests/Pods-TestAppUITests.release.xcconfig"; sourceTree = "<group>"; };
		FE104F3EF5B52609EA8F464C /* Pods-TestAppTests.release.xcconfig */ = {isa = PBXFileReference; includeInIndex = 1; lastKnownFileType = text.xcconfig; name = "Pods-TestAppTests.release.xcconfig"; path = "Pods/Target Support Files/Pods-TestAppTests/Pods-TestAppTests.release.xcconfig"; sourceTree = "<group>"; };
/* End PBXFileReference section */

/* Begin PBXFrameworksBuildPhase section */
		670E1AD31E7FB854001954C5 /* Frameworks */ = {
			isa = PBXFrameworksBuildPhase;
			buildActionMask = 2147483647;
			files = (
				670E1B421E7FC0A9001954C5 /* SkyFloatingLabelTextField in Frameworks */,
				574E89E4771171085FD9B30F /* Pods_TestApp.framework in Frameworks */,
			);
			runOnlyForDeploymentPostprocessing = 0;
		};
		670E1AE71E7FB855001954C5 /* Frameworks */ = {
			isa = PBXFrameworksBuildPhase;
			buildActionMask = 2147483647;
			files = (
				3F3B8CD23C7FD4F751507527 /* Pods_TestAppTests.framework in Frameworks */,
			);
			runOnlyForDeploymentPostprocessing = 0;
		};
		670E1AF21E7FB855001954C5 /* Frameworks */ = {
			isa = PBXFrameworksBuildPhase;
			buildActionMask = 2147483647;
			files = (
				FAF5701D46D64CC094B9660A /* Pods_TestAppUITests.framework in Frameworks */,
			);
			runOnlyForDeploymentPostprocessing = 0;
		};
/* End PBXFrameworksBuildPhase section */

/* Begin PBXGroup section */
		50B4899D9DAE7548C059B01F /* Frameworks */ = {
			isa = PBXGroup;
			children = (
				670E1B411E7FC0A9001954C5 /* SkyFloatingLabelTextField */,
				471C2C29491B73DB8A6EF7A8 /* Pods_TestApp.framework */,
				D56F4FFA4D8BBAD78C5C00BA /* Pods_TestAppTests.framework */,
				03D9BD40C6AD504B13065718 /* Pods_TestAppUITests.framework */,
			);
			name = Frameworks;
			sourceTree = "<group>";
		};
		670E1ACD1E7FB854001954C5 = {
			isa = PBXGroup;
			children = (
				670E1AD81E7FB854001954C5 /* TestApp */,
				670E1AED1E7FB855001954C5 /* TestAppTests */,
				670E1AF81E7FB855001954C5 /* TestAppUITests */,
				670E1AD71E7FB854001954C5 /* Products */,
				9B765034D82FBD752E65591B /* Pods */,
				50B4899D9DAE7548C059B01F /* Frameworks */,
			);
			sourceTree = "<group>";
		};
		670E1AD71E7FB854001954C5 /* Products */ = {
			isa = PBXGroup;
			children = (
				670E1AD61E7FB854001954C5 /* TestApp.app */,
				670E1AEA1E7FB855001954C5 /* TestAppTests.xctest */,
				670E1AF51E7FB855001954C5 /* TestAppUITests.xctest */,
			);
			name = Products;
			sourceTree = "<group>";
		};
		670E1AD81E7FB854001954C5 /* TestApp */ = {
			isa = PBXGroup;
			children = (
				670E1AD91E7FB854001954C5 /* AppDelegate.swift */,
				670E1ADB1E7FB854001954C5 /* ViewController.swift */,
				670E1ADD1E7FB854001954C5 /* Main.storyboard */,
				670E1AE01E7FB855001954C5 /* Assets.xcassets */,
				670E1AE21E7FB855001954C5 /* LaunchScreen.storyboard */,
				670E1AE51E7FB855001954C5 /* Info.plist */,
			);
			path = TestApp;
			sourceTree = "<group>";
		};
		670E1AED1E7FB855001954C5 /* TestAppTests */ = {
			isa = PBXGroup;
			children = (
				670E1AEE1E7FB855001954C5 /* TestAppTests.swift */,
				670E1AF01E7FB855001954C5 /* Info.plist */,
			);
			path = TestAppTests;
			sourceTree = "<group>";
		};
		670E1AF81E7FB855001954C5 /* TestAppUITests */ = {
			isa = PBXGroup;
			children = (
				670E1AF91E7FB855001954C5 /* TestAppUITests.swift */,
				670E1AFB1E7FB855001954C5 /* Info.plist */,
			);
			path = TestAppUITests;
			sourceTree = "<group>";
		};
		9B765034D82FBD752E65591B /* Pods */ = {
			isa = PBXGroup;
			children = (
				54BCAC208BA007B58E614EA1 /* Pods-TestApp.debug.xcconfig */,
				254705BF88D91E574A0BEE70 /* Pods-TestApp.release.xcconfig */,
				801D08F0D0011C6746319821 /* Pods-TestAppTests.debug.xcconfig */,
				FE104F3EF5B52609EA8F464C /* Pods-TestAppTests.release.xcconfig */,
				BCC24EE3C9042B26219BBC06 /* Pods-TestAppUITests.debug.xcconfig */,
				EC6B3AEB36F6D6A8EFBCBFFD /* Pods-TestAppUITests.release.xcconfig */,
			);
			name = Pods;
			sourceTree = "<group>";
		};
/* End PBXGroup section */

/* Begin PBXNativeTarget section */
		670E1AD51E7FB854001954C5 /* TestApp */ = {
			isa = PBXNativeTarget;
			buildConfigurationList = 670E1AFE1E7FB855001954C5 /* Build configuration list for PBXNativeTarget "TestApp" */;
			buildPhases = (
				69C8C2747E05A9A773898F87 /* [CP] Check Pods Manifest.lock */,
				670E1AD21E7FB854001954C5 /* Sources */,
				670E1AD31E7FB854001954C5 /* Frameworks */,
				670E1AD41E7FB854001954C5 /* Resources */,
				96D3788ABF9AF17DB9C953C1 /* [CP] Embed Pods Frameworks */,
				198984590288F00D9ACB9514 /* [CP] Copy Pods Resources */,
			);
			buildRules = (
			);
			dependencies = (
			);
			name = TestApp;
			productName = TestApp;
			productReference = 670E1AD61E7FB854001954C5 /* TestApp.app */;
			productType = "com.apple.product-type.application";
		};
		670E1AE91E7FB855001954C5 /* TestAppTests */ = {
			isa = PBXNativeTarget;
			buildConfigurationList = 670E1B011E7FB855001954C5 /* Build configuration list for PBXNativeTarget "TestAppTests" */;
			buildPhases = (
				6ED23D8016AEF385ADD9E7AB /* [CP] Check Pods Manifest.lock */,
				670E1AE61E7FB855001954C5 /* Sources */,
				670E1AE71E7FB855001954C5 /* Frameworks */,
				670E1AE81E7FB855001954C5 /* Resources */,
				D7B9B6B30801D98EE51B55AC /* [CP] Embed Pods Frameworks */,
				9C22897E0A5854C19576C350 /* [CP] Copy Pods Resources */,
			);
			buildRules = (
			);
			dependencies = (
				670E1AEC1E7FB855001954C5 /* PBXTargetDependency */,
			);
			name = TestAppTests;
			productName = TestAppTests;
			productReference = 670E1AEA1E7FB855001954C5 /* TestAppTests.xctest */;
			productType = "com.apple.product-type.bundle.unit-test";
		};
		670E1AF41E7FB855001954C5 /* TestAppUITests */ = {
			isa = PBXNativeTarget;
			buildConfigurationList = 670E1B041E7FB855001954C5 /* Build configuration list for PBXNativeTarget "TestAppUITests" */;
			buildPhases = (
				74C475AD197B15557A4AE64D /* [CP] Check Pods Manifest.lock */,
				670E1AF11E7FB855001954C5 /* Sources */,
				670E1AF21E7FB855001954C5 /* Frameworks */,
				670E1AF31E7FB855001954C5 /* Resources */,
				98FB8B86FD038B40D16A723E /* [CP] Embed Pods Frameworks */,
				D5743B73CC71C4C62E18BBCF /* [CP] Copy Pods Resources */,
			);
			buildRules = (
			);
			dependencies = (
				670E1AF71E7FB855001954C5 /* PBXTargetDependency */,
			);
			name = TestAppUITests;
			productName = TestAppUITests;
			productReference = 670E1AF51E7FB855001954C5 /* TestAppUITests.xctest */;
			productType = "com.apple.product-type.bundle.ui-testing";
		};
/* End PBXNativeTarget section */

/* Begin PBXProject section */
		670E1ACE1E7FB854001954C5 /* Project object */ = {
			isa = PBXProject;
			attributes = {
				LastSwiftUpdateCheck = 0820;
				LastUpgradeCheck = 0820;
				ORGANIZATIONNAME = bmuse;
				TargetAttributes = {
					670E1AD51E7FB854001954C5 = {
						CreatedOnToolsVersion = 8.2.1;
						ProvisioningStyle = Automatic;
					};
					670E1AE91E7FB855001954C5 = {
						CreatedOnToolsVersion = 8.2.1;
						ProvisioningStyle = Automatic;
						TestTargetID = 670E1AD51E7FB854001954C5;
					};
					670E1AF41E7FB855001954C5 = {
						CreatedOnToolsVersion = 8.2.1;
						ProvisioningStyle = Automatic;
						TestTargetID = 670E1AD51E7FB854001954C5;
					};
				};
			};
			buildConfigurationList = 670E1AD11E7FB854001954C5 /* Build configuration list for PBXProject "TestApp" */;
			compatibilityVersion = "Xcode 3.2";
			developmentRegion = English;
			hasScannedForEncodings = 0;
			knownRegions = (
				en,
				Base,
			);
			mainGroup = 670E1ACD1E7FB854001954C5;
			productRefGroup = 670E1AD71E7FB854001954C5 /* Products */;
			projectDirPath = "";
			projectRoot = "";
			targets = (
				670E1AD51E7FB854001954C5 /* TestApp */,
				670E1AE91E7FB855001954C5 /* TestAppTests */,
				670E1AF41E7FB855001954C5 /* TestAppUITests */,
			);
		};
/* End PBXProject section */

/* Begin PBXResourcesBuildPhase section */
		670E1AD41E7FB854001954C5 /* Resources */ = {
			isa = PBXResourcesBuildPhase;
			buildActionMask = 2147483647;
			files = (
				670E1AE41E7FB855001954C5 /* LaunchScreen.storyboard in Resources */,
				670E1AE11E7FB855001954C5 /* Assets.xcassets in Resources */,
				670E1ADF1E7FB855001954C5 /* Main.storyboard in Resources */,
			);
			runOnlyForDeploymentPostprocessing = 0;
		};
		670E1AE81E7FB855001954C5 /* Resources */ = {
			isa = PBXResourcesBuildPhase;
			buildActionMask = 2147483647;
			files = (
			);
			runOnlyForDeploymentPostprocessing = 0;
		};
		670E1AF31E7FB855001954C5 /* Resources */ = {
			isa = PBXResourcesBuildPhase;
			buildActionMask = 2147483647;
			files = (
			);
			runOnlyForDeploymentPostprocessing = 0;
		};
/* End PBXResourcesBuildPhase section */

/* Begin PBXShellScriptBuildPhase section */
		198984590288F00D9ACB9514 /* [CP] Copy Pods Resources */ = {
			isa = PBXShellScriptBuildPhase;
			buildActionMask = 2147483647;
			files = (
			);
			inputPaths = (
			);
			name = "[CP] Copy Pods Resources";
			outputPaths = (
			);
			runOnlyForDeploymentPostprocessing = 0;
			shellPath = /bin/sh;
			shellScript = "\"${SRCROOT}/Pods/Target Support Files/Pods-TestApp/Pods-TestApp-resources.sh\"\n";
			showEnvVarsInLog = 0;
		};
		69C8C2747E05A9A773898F87 /* [CP] Check Pods Manifest.lock */ = {
			isa = PBXShellScriptBuildPhase;
			buildActionMask = 2147483647;
			files = (
			);
			inputPaths = (
			);
			name = "[CP] Check Pods Manifest.lock";
			outputPaths = (
			);
			runOnlyForDeploymentPostprocessing = 0;
			shellPath = /bin/sh;
			shellScript = "diff \"${PODS_ROOT}/../Podfile.lock\" \"${PODS_ROOT}/Manifest.lock\" > /dev/null\nif [ $? != 0 ] ; then\n    # print error to STDERR\n    echo \"error: The sandbox is not in sync with the Podfile.lock. Run 'pod install' or update your CocoaPods installation.\" >&2\n    exit 1\nfi\n";
			showEnvVarsInLog = 0;
		};
		6ED23D8016AEF385ADD9E7AB /* [CP] Check Pods Manifest.lock */ = {
			isa = PBXShellScriptBuildPhase;
			buildActionMask = 2147483647;
			files = (
			);
			inputPaths = (
			);
			name = "[CP] Check Pods Manifest.lock";
			outputPaths = (
			);
			runOnlyForDeploymentPostprocessing = 0;
			shellPath = /bin/sh;
			shellScript = "diff \"${PODS_ROOT}/../Podfile.lock\" \"${PODS_ROOT}/Manifest.lock\" > /dev/null\nif [ $? != 0 ] ; then\n    # print error to STDERR\n    echo \"error: The sandbox is not in sync with the Podfile.lock. Run 'pod install' or update your CocoaPods installation.\" >&2\n    exit 1\nfi\n";
			showEnvVarsInLog = 0;
		};
		74C475AD197B15557A4AE64D /* [CP] Check Pods Manifest.lock */ = {
			isa = PBXShellScriptBuildPhase;
			buildActionMask = 2147483647;
			files = (
			);
			inputPaths = (
			);
			name = "[CP] Check Pods Manifest.lock";
			outputPaths = (
			);
			runOnlyForDeploymentPostprocessing = 0;
			shellPath = /bin/sh;
			shellScript = "diff \"${PODS_ROOT}/../Podfile.lock\" \"${PODS_ROOT}/Manifest.lock\" > /dev/null\nif [ $? != 0 ] ; then\n    # print error to STDERR\n    echo \"error: The sandbox is not in sync with the Podfile.lock. Run 'pod install' or update your CocoaPods installation.\" >&2\n    exit 1\nfi\n";
			showEnvVarsInLog = 0;
		};
		96D3788ABF9AF17DB9C953C1 /* [CP] Embed Pods Frameworks */ = {
			isa = PBXShellScriptBuildPhase;
			buildActionMask = 2147483647;
			files = (
			);
			inputPaths = (
			);
			name = "[CP] Embed Pods Frameworks";
			outputPaths = (
			);
			runOnlyForDeploymentPostprocessing = 0;
			shellPath = /bin/sh;
			shellScript = "\"${SRCROOT}/Pods/Target Support Files/Pods-TestApp/Pods-TestApp-frameworks.sh\"\n";
			showEnvVarsInLog = 0;
		};
		98FB8B86FD038B40D16A723E /* [CP] Embed Pods Frameworks */ = {
			isa = PBXShellScriptBuildPhase;
			buildActionMask = 2147483647;
			files = (
			);
			inputPaths = (
			);
			name = "[CP] Embed Pods Frameworks";
			outputPaths = (
			);
			runOnlyForDeploymentPostprocessing = 0;
			shellPath = /bin/sh;
			shellScript = "\"${SRCROOT}/Pods/Target Support Files/Pods-TestAppUITests/Pods-TestAppUITests-frameworks.sh\"\n";
			showEnvVarsInLog = 0;
		};
		9C22897E0A5854C19576C350 /* [CP] Copy Pods Resources */ = {
			isa = PBXShellScriptBuildPhase;
			buildActionMask = 2147483647;
			files = (
			);
			inputPaths = (
			);
			name = "[CP] Copy Pods Resources";
			outputPaths = (
			);
			runOnlyForDeploymentPostprocessing = 0;
			shellPath = /bin/sh;
			shellScript = "\"${SRCROOT}/Pods/Target Support Files/Pods-TestAppTests/Pods-TestAppTests-resources.sh\"\n";
			showEnvVarsInLog = 0;
		};
		D5743B73CC71C4C62E18BBCF /* [CP] Copy Pods Resources */ = {
			isa = PBXShellScriptBuildPhase;
			buildActionMask = 2147483647;
			files = (
			);
			inputPaths = (
			);
			name = "[CP] Copy Pods Resources";
			outputPaths = (
			);
			runOnlyForDeploymentPostprocessing = 0;
			shellPath = /bin/sh;
			shellScript = "\"${SRCROOT}/Pods/Target Support Files/Pods-TestAppUITests/Pods-TestAppUITests-resources.sh\"\n";
			showEnvVarsInLog = 0;
		};
		D7B9B6B30801D98EE51B55AC /* [CP] Embed Pods Frameworks */ = {
			isa = PBXShellScriptBuildPhase;
			buildActionMask = 2147483647;
			files = (
			);
			inputPaths = (
			);
			name = "[CP] Embed Pods Frameworks";
			outputPaths = (
			);
			runOnlyForDeploymentPostprocessing = 0;
			shellPath = /bin/sh;
			shellScript = "\"${SRCROOT}/Pods/Target Support Files/Pods-TestAppTests/Pods-TestAppTests-frameworks.sh\"\n";
			showEnvVarsInLog = 0;
		};
/* End PBXShellScriptBuildPhase section */

/* Begin PBXSourcesBuildPhase section */
		670E1AD21E7FB854001954C5 /* Sources */ = {
			isa = PBXSourcesBuildPhase;
			buildActionMask = 2147483647;
			files = (
				670E1ADC1E7FB854001954C5 /* ViewController.swift in Sources */,
				670E1ADA1E7FB854001954C5 /* AppDelegate.swift in Sources */,
			);
			runOnlyForDeploymentPostprocessing = 0;
		};
		670E1AE61E7FB855001954C5 /* Sources */ = {
			isa = PBXSourcesBuildPhase;
			buildActionMask = 2147483647;
			files = (
				670E1AEF1E7FB855001954C5 /* TestAppTests.swift in Sources */,
			);
			runOnlyForDeploymentPostprocessing = 0;
		};
		670E1AF11E7FB855001954C5 /* Sources */ = {
			isa = PBXSourcesBuildPhase;
			buildActionMask = 2147483647;
			files = (
				670E1AFA1E7FB855001954C5 /* TestAppUITests.swift in Sources */,
			);
			runOnlyForDeploymentPostprocessing = 0;
		};
/* End PBXSourcesBuildPhase section */

/* Begin PBXTargetDependency section */
		670E1AEC1E7FB855001954C5 /* PBXTargetDependency */ = {
			isa = PBXTargetDependency;
			target = 670E1AD51E7FB854001954C5 /* TestApp */;
			targetProxy = 670E1AEB1E7FB855001954C5 /* PBXContainerItemProxy */;
		};
		670E1AF71E7FB855001954C5 /* PBXTargetDependency */ = {
			isa = PBXTargetDependency;
			target = 670E1AD51E7FB854001954C5 /* TestApp */;
			targetProxy = 670E1AF61E7FB855001954C5 /* PBXContainerItemProxy */;
		};
/* End PBXTargetDependency section */

/* Begin PBXVariantGroup section */
		670E1ADD1E7FB854001954C5 /* Main.storyboard */ = {
			isa = PBXVariantGroup;
			children = (
				670E1ADE1E7FB854001954C5 /* Base */,
			);
			name = Main.storyboard;
			sourceTree = "<group>";
		};
		670E1AE21E7FB855001954C5 /* LaunchScreen.storyboard */ = {
			isa = PBXVariantGroup;
			children = (
				670E1AE31E7FB855001954C5 /* Base */,
			);
			name = LaunchScreen.storyboard;
			sourceTree = "<group>";
		};
/* End PBXVariantGroup section */

/* Begin XCBuildConfiguration section */
		670E1AFC1E7FB855001954C5 /* Debug */ = {
			isa = XCBuildConfiguration;
			buildSettings = {
				ALWAYS_SEARCH_USER_PATHS = NO;
				CLANG_ANALYZER_NONNULL = YES;
				CLANG_CXX_LANGUAGE_STANDARD = "gnu++0x";
				CLANG_CXX_LIBRARY = "libc++";
				CLANG_ENABLE_MODULES = YES;
				CLANG_ENABLE_OBJC_ARC = YES;
				CLANG_WARN_BOOL_CONVERSION = YES;
				CLANG_WARN_CONSTANT_CONVERSION = YES;
				CLANG_WARN_DIRECT_OBJC_ISA_USAGE = YES_ERROR;
				CLANG_WARN_DOCUMENTATION_COMMENTS = YES;
				CLANG_WARN_EMPTY_BODY = YES;
				CLANG_WARN_ENUM_CONVERSION = YES;
				CLANG_WARN_INFINITE_RECURSION = YES;
				CLANG_WARN_INT_CONVERSION = YES;
				CLANG_WARN_OBJC_ROOT_CLASS = YES_ERROR;
				CLANG_WARN_SUSPICIOUS_MOVE = YES;
				CLANG_WARN_UNREACHABLE_CODE = YES;
				CLANG_WARN__DUPLICATE_METHOD_MATCH = YES;
				"CODE_SIGN_IDENTITY[sdk=iphoneos*]" = "iPhone Developer";
				COPY_PHASE_STRIP = NO;
				DEBUG_INFORMATION_FORMAT = dwarf;
				ENABLE_STRICT_OBJC_MSGSEND = YES;
				ENABLE_TESTABILITY = YES;
				GCC_C_LANGUAGE_STANDARD = gnu99;
				GCC_DYNAMIC_NO_PIC = NO;
				GCC_NO_COMMON_BLOCKS = YES;
				GCC_OPTIMIZATION_LEVEL = 0;
				GCC_PREPROCESSOR_DEFINITIONS = (
					"DEBUG=1",
					"$(inherited)",
				);
				GCC_WARN_64_TO_32_BIT_CONVERSION = YES;
				GCC_WARN_ABOUT_RETURN_TYPE = YES_ERROR;
				GCC_WARN_UNDECLARED_SELECTOR = YES;
				GCC_WARN_UNINITIALIZED_AUTOS = YES_AGGRESSIVE;
				GCC_WARN_UNUSED_FUNCTION = YES;
				GCC_WARN_UNUSED_VARIABLE = YES;
				IPHONEOS_DEPLOYMENT_TARGET = 10.2;
				MTL_ENABLE_DEBUG_INFO = YES;
				ONLY_ACTIVE_ARCH = YES;
				SDKROOT = iphoneos;
				SWIFT_ACTIVE_COMPILATION_CONDITIONS = DEBUG;
				SWIFT_OPTIMIZATION_LEVEL = "-Onone";
				TARGETED_DEVICE_FAMILY = "1,2";
			};
			name = Debug;
		};
		670E1AFD1E7FB855001954C5 /* Release */ = {
			isa = XCBuildConfiguration;
			buildSettings = {
				ALWAYS_SEARCH_USER_PATHS = NO;
				CLANG_ANALYZER_NONNULL = YES;
				CLANG_CXX_LANGUAGE_STANDARD = "gnu++0x";
				CLANG_CXX_LIBRARY = "libc++";
				CLANG_ENABLE_MODULES = YES;
				CLANG_ENABLE_OBJC_ARC = YES;
				CLANG_WARN_BOOL_CONVERSION = YES;
				CLANG_WARN_CONSTANT_CONVERSION = YES;
				CLANG_WARN_DIRECT_OBJC_ISA_USAGE = YES_ERROR;
				CLANG_WARN_DOCUMENTATION_COMMENTS = YES;
				CLANG_WARN_EMPTY_BODY = YES;
				CLANG_WARN_ENUM_CONVERSION = YES;
				CLANG_WARN_INFINITE_RECURSION = YES;
				CLANG_WARN_INT_CONVERSION = YES;
				CLANG_WARN_OBJC_ROOT_CLASS = YES_ERROR;
				CLANG_WARN_SUSPICIOUS_MOVE = YES;
				CLANG_WARN_UNREACHABLE_CODE = YES;
				CLANG_WARN__DUPLICATE_METHOD_MATCH = YES;
				"CODE_SIGN_IDENTITY[sdk=iphoneos*]" = "iPhone Developer";
				COPY_PHASE_STRIP = NO;
				DEBUG_INFORMATION_FORMAT = "dwarf-with-dsym";
				ENABLE_NS_ASSERTIONS = NO;
				ENABLE_STRICT_OBJC_MSGSEND = YES;
				GCC_C_LANGUAGE_STANDARD = gnu99;
				GCC_NO_COMMON_BLOCKS = YES;
				GCC_WARN_64_TO_32_BIT_CONVERSION = YES;
				GCC_WARN_ABOUT_RETURN_TYPE = YES_ERROR;
				GCC_WARN_UNDECLARED_SELECTOR = YES;
				GCC_WARN_UNINITIALIZED_AUTOS = YES_AGGRESSIVE;
				GCC_WARN_UNUSED_FUNCTION = YES;
				GCC_WARN_UNUSED_VARIABLE = YES;
				IPHONEOS_DEPLOYMENT_TARGET = 10.2;
				MTL_ENABLE_DEBUG_INFO = NO;
				SDKROOT = iphoneos;
				SWIFT_OPTIMIZATION_LEVEL = "-Owholemodule";
				TARGETED_DEVICE_FAMILY = "1,2";
				VALIDATE_PRODUCT = YES;
			};
			name = Release;
		};
		670E1AFF1E7FB855001954C5 /* Debug */ = {
			isa = XCBuildConfiguration;
			baseConfigurationReference = 54BCAC208BA007B58E614EA1 /* Pods-TestApp.debug.xcconfig */;
			buildSettings = {
				ASSETCATALOG_COMPILER_APPICON_NAME = AppIcon;
				INFOPLIST_FILE = TestApp/Info.plist;
				LD_RUNPATH_SEARCH_PATHS = "$(inherited) @executable_path/Frameworks";
				PRODUCT_BUNDLE_IDENTIFIER = com.bmuse.TestApp;
				PRODUCT_NAME = "$(TARGET_NAME)";
				SWIFT_VERSION = 3.0;
			};
			name = Debug;
		};
		670E1B001E7FB855001954C5 /* Release */ = {
			isa = XCBuildConfiguration;
			baseConfigurationReference = 254705BF88D91E574A0BEE70 /* Pods-TestApp.release.xcconfig */;
			buildSettings = {
				ASSETCATALOG_COMPILER_APPICON_NAME = AppIcon;
				INFOPLIST_FILE = TestApp/Info.plist;
				LD_RUNPATH_SEARCH_PATHS = "$(inherited) @executable_path/Frameworks";
				PRODUCT_BUNDLE_IDENTIFIER = com.bmuse.TestApp;
				PRODUCT_NAME = "$(TARGET_NAME)";
				SWIFT_VERSION = 3.0;
			};
			name = Release;
		};
		670E1B021E7FB855001954C5 /* Debug */ = {
			isa = XCBuildConfiguration;
			baseConfigurationReference = 801D08F0D0011C6746319821 /* Pods-TestAppTests.debug.xcconfig */;
			buildSettings = {
				ALWAYS_EMBED_SWIFT_STANDARD_LIBRARIES = YES;
				BUNDLE_LOADER = "$(TEST_HOST)";
				INFOPLIST_FILE = TestAppTests/Info.plist;
				LD_RUNPATH_SEARCH_PATHS = "$(inherited) @executable_path/Frameworks @loader_path/Frameworks";
				PRODUCT_BUNDLE_IDENTIFIER = com.bmuse.TestAppTests;
				PRODUCT_NAME = "$(TARGET_NAME)";
				SWIFT_VERSION = 3.0;
				TEST_HOST = "$(BUILT_PRODUCTS_DIR)/TestApp.app/TestApp";
			};
			name = Debug;
		};
		670E1B031E7FB855001954C5 /* Release */ = {
			isa = XCBuildConfiguration;
			baseConfigurationReference = FE104F3EF5B52609EA8F464C /* Pods-TestAppTests.release.xcconfig */;
			buildSettings = {
				ALWAYS_EMBED_SWIFT_STANDARD_LIBRARIES = YES;
				BUNDLE_LOADER = "$(TEST_HOST)";
				INFOPLIST_FILE = TestAppTests/Info.plist;
				LD_RUNPATH_SEARCH_PATHS = "$(inherited) @executable_path/Frameworks @loader_path/Frameworks";
				PRODUCT_BUNDLE_IDENTIFIER = com.bmuse.TestAppTests;
				PRODUCT_NAME = "$(TARGET_NAME)";
				SWIFT_VERSION = 3.0;
				TEST_HOST = "$(BUILT_PRODUCTS_DIR)/TestApp.app/TestApp";
			};
			name = Release;
		};
		670E1B051E7FB855001954C5 /* Debug */ = {
			isa = XCBuildConfiguration;
			baseConfigurationReference = BCC24EE3C9042B26219BBC06 /* Pods-TestAppUITests.debug.xcconfig */;
			buildSettings = {
				ALWAYS_EMBED_SWIFT_STANDARD_LIBRARIES = YES;
				INFOPLIST_FILE = TestAppUITests/Info.plist;
				LD_RUNPATH_SEARCH_PATHS = "$(inherited) @executable_path/Frameworks @loader_path/Frameworks";
				PRODUCT_BUNDLE_IDENTIFIER = com.bmuse.TestAppUITests;
				PRODUCT_NAME = "$(TARGET_NAME)";
				SWIFT_VERSION = 3.0;
				TEST_TARGET_NAME = TestApp;
			};
			name = Debug;
		};
		670E1B061E7FB855001954C5 /* Release */ = {
			isa = XCBuildConfiguration;
			baseConfigurationReference = EC6B3AEB36F6D6A8EFBCBFFD /* Pods-TestAppUITests.release.xcconfig */;
			buildSettings = {
				ALWAYS_EMBED_SWIFT_STANDARD_LIBRARIES = YES;
				INFOPLIST_FILE = TestAppUITests/Info.plist;
				LD_RUNPATH_SEARCH_PATHS = "$(inherited) @executable_path/Frameworks @loader_path/Frameworks";
				PRODUCT_BUNDLE_IDENTIFIER = com.bmuse.TestAppUITests;
				PRODUCT_NAME = "$(TARGET_NAME)";
				SWIFT_VERSION = 3.0;
				TEST_TARGET_NAME = TestApp;
			};
			name = Release;
		};
/* End XCBuildConfiguration section */

/* Begin XCConfigurationList section */
		670E1AD11E7FB854001954C5 /* Build configuration list for PBXProject "TestApp" */ = {
			isa = XCConfigurationList;
			buildConfigurations = (
				670E1AFC1E7FB855001954C5 /* Debug */,
				670E1AFD1E7FB855001954C5 /* Release */,
			);
			defaultConfigurationIsVisible = 0;
			defaultConfigurationName = Release;
		};
		670E1AFE1E7FB855001954C5 /* Build configuration list for PBXNativeTarget "TestApp" */ = {
			isa = XCConfigurationList;
			buildConfigurations = (
				670E1AFF1E7FB855001954C5 /* Debug */,
				670E1B001E7FB855001954C5 /* Release */,
			);
			defaultConfigurationIsVisible = 0;
			defaultConfigurationName = Release;
		};
		670E1B011E7FB855001954C5 /* Build configuration list for PBXNativeTarget "TestAppTests" */ = {
			isa = XCConfigurationList;
			buildConfigurations = (
				670E1B021E7FB855001954C5 /* Debug */,
				670E1B031E7FB855001954C5 /* Release */,
			);
			defaultConfigurationIsVisible = 0;
			defaultConfigurationName = Release;
		};
		670E1B041E7FB855001954C5 /* Build configuration list for PBXNativeTarget "TestAppUITests" */ = {
			isa = XCConfigurationList;
			buildConfigurations = (
				670E1B051E7FB855001954C5 /* Debug */,
				670E1B061E7FB855001954C5 /* Release */,
			);
			defaultConfigurationIsVisible = 0;
			defaultConfigurationName = Release;
		};
/* End XCConfigurationList section */
	};
	rootObject = 670E1ACE1E7FB854001954C5 /* Project object */;
}
